dependencies:
- name: alloy
  repository: https://grafana.github.io/helm-charts
  version: 1.6.2
- name: kube-state-metrics
  repository: https://prometheus-community.github.io/helm-charts
  version: 7.2.1
- name: prometheus-node-exporter
  repository: https://prometheus-community.github.io/helm-charts
  version: 4.52.1
- name: prometheus
  repository: https://prometheus-community.github.io/helm-charts
  version: 28.13.0
- name: alertmanager
  repository: https://prometheus-community.github.io/helm-charts
  version: 1.33.1
- name: loki
  repository: https://grafana.github.io/helm-charts
  version: 6.55.0
- name: tempo
  repository: https://grafana.github.io/helm-charts
  version: 1.24.4
- name: grafana
  repository: https://grafana.github.io/helm-charts
  version: 10.5.15
digest: sha256:3def7564d3628ca1c54fbdb7c5d10f2d2f7e91f2a45f949ed5379d794c31f7ed
generated: "2026-03-19T10:10:39.3495772+01:00"
